
Microsoft Visual Studio Solution File, Format Version 12.00
# Visual Studio Version 17
VisualStudioVersion = 17.11.35312.102
MinimumVisualStudioVersion = 10.0.40219.1
Project("{2150E333-8FDC-42A3-9474-1A3956D46DE8}") = "Task0", "Task0", "{3FB1131F-2815-4DB7-B3E6-9BB35970CAE0}"
EndProject
Project("{9A19103F-16F7-4668-BE54-9A1E7A4F7556}") = "Tyuiu.VaganovMA.Sprint3.Task0.V10", "Tyuiu.VaganovMA.Sprint3.Task0.V10\Tyuiu.VaganovMA.Sprint3.Task0.V10.csproj", "{F7E0C9D9-61D7-4096-8FF3-B49314330958}"
EndProject
Project("{9A19103F-16F7-4668-BE54-9A1E7A4F7556}") = "Tyuiu.VaganovMA.Sprint3.Task0.V10.Lib", "Tyuiu.VaganovMA.Sprint3.Task0.V10.Lib\Tyuiu.VaganovMA.Sprint3.Task0.V10.Lib.csproj", "{57137954-E571-42FC-998B-C26F9FD5C7CD}"
EndProject
Project("{9A19103F-16F7-4668-BE54-9A1E7A4F7556}") = "Tyuiu.VaganovMA.Sprint3.Task0.V10.Test", "Tyuiu.VaganovMA.Sprint3.Task0.V10.Test\Tyuiu.VaganovMA.Sprint3.Task0.V10.Test.csproj", "{0E694362-593E-42E3-82B0-9D846690B7EA}"
EndProject
Project("{2150E333-8FDC-42A3-9474-1A3956D46DE8}") = "Task1", "Task1", "{B979A231-99E5-4CDE-91D6-7FF6E31D2031}"
EndProject
Project("{FAE04EC0-301F-11D3-BF4B-00C04F79EFBC}") = "Tyuiu.VaganovMA.Sprint3.Task1.V23", "Tyuiu.VaganovMA.Sprint3.Task1.V23\Tyuiu.VaganovMA.Sprint3.Task1.V23.csproj", "{14E55CCB-101D-47BA-983E-A970EBB851EA}"
EndProject
Project("{FAE04EC0-301F-11D3-BF4B-00C04F79EFBC}") = "Tyuiu.VaganovMA.Sprint3.Task1.V23.Lib", "Tyuiu.VaganovMA.Sprint3.Task1.V23.Lib\Tyuiu.VaganovMA.Sprint3.Task1.V23.Lib.csproj", "{AD5977A5-B5CC-4FC6-8C29-5C2C119623F8}"
EndProject
Project("{FAE04EC0-301F-11D3-BF4B-00C04F79EFBC}") = "Tyuiu.VaganovMA.Sprint3.Task1.V23.Test", "Tyuiu.VaganovMA.Sprint3.Task1.V23.Test\Tyuiu.VaganovMA.Sprint3.Task1.V23.Test.csproj", "{7C9FAA33-61FD-4DA4-B02C-9A0F35339140}"
EndProject
Project("{2150E333-8FDC-42A3-9474-1A3956D46DE8}") = "Task2", "Task2", "{1BF386AF-1633-47B0-B258-5DBE63FA2064}"
EndProject
Project("{FAE04EC0-301F-11D3-BF4B-00C04F79EFBC}") = "Tyuiu.VaganovMA.Sprint3.Task2.V25", "Tyuiu.VaganovMA.Sprint3.Task2.V25\Tyuiu.VaganovMA.Sprint3.Task2.V25.csproj", "{9CF15EBD-6E9D-4B21-89FD-0FCDC0F8B903}"
EndProject
Project("{FAE04EC0-301F-11D3-BF4B-00C04F79EFBC}") = "Tyuiu.VaganovMA.Sprint3.Task2.V25.Lib", "Tyuiu.VaganovMA.Sprint3.Task2.V25.Lib\Tyuiu.VaganovMA.Sprint3.Task2.V25.Lib.csproj", "{9D00B43B-78C3-4A74-823A-BF35D22FCFA0}"
EndProject
Project("{FAE04EC0-301F-11D3-BF4B-00C04F79EFBC}") = "Tyuiu.VaganovMA.Sprint3.Task2.V25.Test", "Tyuiu.VaganovMA.Sprint3.Task2.V25.Test\Tyuiu.VaganovMA.Sprint3.Task2.V25.Test.csproj", "{438F1870-FDEF-4A80-A061-4AD5843584B5}"
EndProject
Global
	GlobalSection(SolutionConfigurationPlatforms) = preSolution
		Debug|Any CPU = Debug|Any CPU
		Release|Any CPU = Release|Any CPU
	EndGlobalSection
	GlobalSection(ProjectConfigurationPlatforms) = postSolution
		{F7E0C9D9-61D7-4096-8FF3-B49314330958}.Debug|Any CPU.ActiveCfg = Debug|Any CPU
		{F7E0C9D9-61D7-4096-8FF3-B49314330958}.Debug|Any CPU.Build.0 = Debug|Any CPU
		{F7E0C9D9-61D7-4096-8FF3-B49314330958}.Release|Any CPU.ActiveCfg = Release|Any CPU
		{F7E0C9D9-61D7-4096-8FF3-B49314330958}.Release|Any CPU.Build.0 = Release|Any CPU
		{57137954-E571-42FC-998B-C26F9FD5C7CD}.Debug|Any CPU.ActiveCfg = Debug|Any CPU
		{57137954-E571-42FC-998B-C26F9FD5C7CD}.Debug|Any CPU.Build.0 = Debug|Any CPU
		{57137954-E571-42FC-998B-C26F9FD5C7CD}.Release|Any CPU.ActiveCfg = Release|Any CPU
		{57137954-E571-42FC-998B-C26F9FD5C7CD}.Release|Any CPU.Build.0 = Release|Any CPU
		{0E694362-593E-42E3-82B0-9D846690B7EA}.Debug|Any CPU.ActiveCfg = Debug|Any CPU
		{0E694362-593E-42E3-82B0-9D846690B7EA}.Debug|Any CPU.Build.0 = Debug|Any CPU
		{0E694362-593E-42E3-82B0-9D846690B7EA}.Release|Any CPU.ActiveCfg = Release|Any CPU
		{0E694362-593E-42E3-82B0-9D846690B7EA}.Release|Any CPU.Build.0 = Release|Any CPU
		{14E55CCB-101D-47BA-983E-A970EBB851EA}.Debug|Any CPU.ActiveCfg = Debug|Any CPU
		{14E55CCB-101D-47BA-983E-A970EBB851EA}.Debug|Any CPU.Build.0 = Debug|Any CPU
		{14E55CCB-101D-47BA-983E-A970EBB851EA}.Release|Any CPU.ActiveCfg = Release|Any CPU
		{14E55CCB-101D-47BA-983E-A970EBB851EA}.Release|Any CPU.Build.0 = Release|Any CPU
		{AD5977A5-B5CC-4FC6-8C29-5C2C119623F8}.Debug|Any CPU.ActiveCfg = Debug|Any CPU
		{AD5977A5-B5CC-4FC6-8C29-5C2C119623F8}.Debug|Any CPU.Build.0 = Debug|Any CPU
		{AD5977A5-B5CC-4FC6-8C29-5C2C119623F8}.Release|Any CPU.ActiveCfg = Release|Any CPU
		{AD5977A5-B5CC-4FC6-8C29-5C2C119623F8}.Release|Any CPU.Build.0 = Release|Any CPU
		{7C9FAA33-61FD-4DA4-B02C-9A0F35339140}.Debug|Any CPU.ActiveCfg = Debug|Any CPU
		{7C9FAA33-61FD-4DA4-B02C-9A0F35339140}.Debug|Any CPU.Build.0 = Debug|Any CPU
		{7C9FAA33-61FD-4DA4-B02C-9A0F35339140}.Release|Any CPU.ActiveCfg = Release|Any CPU
		{7C9FAA33-61FD-4DA4-B02C-9A0F35339140}.Release|Any CPU.Build.0 = Release|Any CPU
		{9CF15EBD-6E9D-4B21-89FD-0FCDC0F8B903}.Debug|Any CPU.ActiveCfg = Debug|Any CPU
		{9CF15EBD-6E9D-4B21-89FD-0FCDC0F8B903}.Debug|Any CPU.Build.0 = Debug|Any CPU
		{9CF15EBD-6E9D-4B21-89FD-0FCDC0F8B903}.Release|Any CPU.ActiveCfg = Release|Any CPU
		{9CF15EBD-6E9D-4B21-89FD-0FCDC0F8B903}.Release|Any CPU.Build.0 = Release|Any CPU
		{9D00B43B-78C3-4A74-823A-BF35D22FCFA0}.Debug|Any CPU.ActiveCfg = Debug|Any CPU
		{9D00B43B-78C3-4A74-823A-BF35D22FCFA0}.Debug|Any CPU.Build.0 = Debug|Any CPU
		{9D00B43B-78C3-4A74-823A-BF35D22FCFA0}.Release|Any CPU.ActiveCfg = Release|Any CPU
		{9D00B43B-78C3-4A74-823A-BF35D22FCFA0}.Release|Any CPU.Build.0 = Release|Any CPU
		{438F1870-FDEF-4A80-A061-4AD5843584B5}.Debug|Any CPU.ActiveCfg = Debug|Any CPU
		{438F1870-FDEF-4A80-A061-4AD5843584B5}.Debug|Any CPU.Build.0 = Debug|Any CPU
		{438F1870-FDEF-4A80-A061-4AD5843584B5}.Release|Any CPU.ActiveCfg = Release|Any CPU
		{438F1870-FDEF-4A80-A061-4AD5843584B5}.Release|Any CPU.Build.0 = Release|Any CPU
	EndGlobalSection
	GlobalSection(SolutionProperties) = preSolution
		HideSolutionNode = FALSE
	EndGlobalSection
	GlobalSection(NestedProjects) = preSolution
		{F7E0C9D9-61D7-4096-8FF3-B49314330958} = {3FB1131F-2815-4DB7-B3E6-9BB35970CAE0}
		{57137954-E571-42FC-998B-C26F9FD5C7CD} = {3FB1131F-2815-4DB7-B3E6-9BB35970CAE0}
		{0E694362-593E-42E3-82B0-9D846690B7EA} = {3FB1131F-2815-4DB7-B3E6-9BB35970CAE0}
		{14E55CCB-101D-47BA-983E-A970EBB851EA} = {B979A231-99E5-4CDE-91D6-7FF6E31D2031}
		{AD5977A5-B5CC-4FC6-8C29-5C2C119623F8} = {B979A231-99E5-4CDE-91D6-7FF6E31D2031}
		{7C9FAA33-61FD-4DA4-B02C-9A0F35339140} = {B979A231-99E5-4CDE-91D6-7FF6E31D2031}
		{9CF15EBD-6E9D-4B21-89FD-0FCDC0F8B903} = {1BF386AF-1633-47B0-B258-5DBE63FA2064}
		{9D00B43B-78C3-4A74-823A-BF35D22FCFA0} = {1BF386AF-1633-47B0-B258-5DBE63FA2064}
		{438F1870-FDEF-4A80-A061-4AD5843584B5} = {1BF386AF-1633-47B0-B258-5DBE63FA2064}
	EndGlobalSection
	GlobalSection(ExtensibilityGlobals) = postSolution
		SolutionGuid = {62799805-38E5-4304-A04D-132CCE9C00F9}
	EndGlobalSection
EndGlobal
