
Microsoft Visual Studio Solution File, Format Version 12.00
# Visual Studio Version 17
VisualStudioVersion = 17.11.35312.102
MinimumVisualStudioVersion = 10.0.40219.1
Project("{2150E333-8FDC-42A3-9474-1A3956D46DE8}") = "Task0", "Task0", "{3FB1131F-2815-4DB7-B3E6-9BB35970CAE0}"
EndProject
Project("{9A19103F-16F7-4668-BE54-9A1E7A4F7556}") = "Tyuiu.VaganovMA.Sprint3.Task0.V10", "Tyuiu.VaganovMA.Sprint3.Task0.V10\Tyuiu.VaganovMA.Sprint3.Task0.V10.csproj", "{F7E0C9D9-61D7-4096-8FF3-B49314330958}"
EndProject
Project("{9A19103F-16F7-4668-BE54-9A1E7A4F7556}") = "Tyuiu.VaganovMA.Sprint3.Task0.V10.Lib", "Tyuiu.VaganovMA.Sprint3.Task0.V10.Lib\Tyuiu.VaganovMA.Sprint3.Task0.V10.Lib.csproj", "{57137954-E571-42FC-998B-C26F9FD5C7CD}"
EndProject
Project("{9A19103F-16F7-4668-BE54-9A1E7A4F7556}") = "Tyuiu.VaganovMA.Sprint3.Task0.V10.Test", "Tyuiu.VaganovMA.Sprint3.Task0.V10.Test\Tyuiu.VaganovMA.Sprint3.Task0.V10.Test.csproj", "{0E694362-593E-42E3-82B0-9D846690B7EA}"
EndProject
Project("{2150E333-8FDC-42A3-9474-1A3956D46DE8}") = "Task1", "Task1", "{B979A231-99E5-4CDE-91D6-7FF6E31D2031}"
EndProject
Project("{9A19103F-16F7-4668-BE54-9A1E7A4F7556}") = "Tyuiu.VaganovMA.Sprint3.Task1.V23", "Tyuiu.VaganovMA.Sprint3.Task1.V23\Tyuiu.VaganovMA.Sprint3.Task1.V23.csproj", "{14E55CCB-101D-47BA-983E-A970EBB851EA}"
EndProject
Project("{9A19103F-16F7-4668-BE54-9A1E7A4F7556}") = "Tyuiu.VaganovMA.Sprint3.Task1.V23.Lib", "Tyuiu.VaganovMA.Sprint3.Task1.V23.Lib\Tyuiu.VaganovMA.Sprint3.Task1.V23.Lib.csproj", "{AD5977A5-B5CC-4FC6-8C29-5C2C119623F8}"
EndProject
Project("{9A19103F-16F7-4668-BE54-9A1E7A4F7556}") = "Tyuiu.VaganovMA.Sprint3.Task1.V23.Test", "Tyuiu.VaganovMA.Sprint3.Task1.V23.Test\Tyuiu.VaganovMA.Sprint3.Task1.V23.Test.csproj", "{7C9FAA33-61FD-4DA4-B02C-9A0F35339140}"
EndProject
Project("{2150E333-8FDC-42A3-9474-1A3956D46DE8}") = "Task2", "Task2", "{1BF386AF-1633-47B0-B258-5DBE63FA2064}"
EndProject
Project("{9A19103F-16F7-4668-BE54-9A1E7A4F7556}") = "Tyuiu.VaganovMA.Sprint3.Task2.V25", "Tyuiu.VaganovMA.Sprint3.Task2.V25\Tyuiu.VaganovMA.Sprint3.Task2.V25.csproj", "{9CF15EBD-6E9D-4B21-89FD-0FCDC0F8B903}"
EndProject
Project("{9A19103F-16F7-4668-BE54-9A1E7A4F7556}") = "Tyuiu.VaganovMA.Sprint3.Task2.V25.Lib", "Tyuiu.VaganovMA.Sprint3.Task2.V25.Lib\Tyuiu.VaganovMA.Sprint3.Task2.V25.Lib.csproj", "{9D00B43B-78C3-4A74-823A-BF35D22FCFA0}"
EndProject
Project("{9A19103F-16F7-4668-BE54-9A1E7A4F7556}") = "Tyuiu.VaganovMA.Sprint3.Task2.V25.Test", "Tyuiu.VaganovMA.Sprint3.Task2.V25.Test\Tyuiu.VaganovMA.Sprint3.Task2.V25.Test.csproj", "{438F1870-FDEF-4A80-A061-4AD5843584B5}"
EndProject
Project("{2150E333-8FDC-42A3-9474-1A3956D46DE8}") = "Task3", "Task3", "{0F0CBEB9-BDF9-4C16-9586-492E8F919E88}"
EndProject
Project("{9A19103F-16F7-4668-BE54-9A1E7A4F7556}") = "Tyuiu.VaganovMA.Sprint3.Task3.V21", "Tyuiu.VaganovMA.Sprint3.Task3.V21\Tyuiu.VaganovMA.Sprint3.Task3.V21.csproj", "{EDC6A3E3-18F8-4048-86DF-8376AF3A6301}"
EndProject
Project("{9A19103F-16F7-4668-BE54-9A1E7A4F7556}") = "Tyuiu.VaganovMA.Sprint3.Task3.V21.Lib", "Tyuiu.VaganovMA.Sprint3.Task3.V21.Lib\Tyuiu.VaganovMA.Sprint3.Task3.V21.Lib.csproj", "{88455887-8331-4E37-ACE7-134591EA8E11}"
EndProject
Project("{9A19103F-16F7-4668-BE54-9A1E7A4F7556}") = "Tyuiu.VaganovMA.Sprint3.Task3.V21.Test", "Tyuiu.VaganovMA.Sprint3.Task3.V21.Test\Tyuiu.VaganovMA.Sprint3.Task3.V21.Test.csproj", "{3EB9C512-11A0-4981-81E1-46E60C155CC1}"
EndProject
Project("{2150E333-8FDC-42A3-9474-1A3956D46DE8}") = "Task4", "Task4", "{DF021B37-DCA4-462E-8366-E5C0FED26AA4}"
EndProject
Project("{9A19103F-16F7-4668-BE54-9A1E7A4F7556}") = "Tyuiu.VaganovMA.Sprint3.Task4.V26", "Tyuiu.VaganovMA.Sprint3.Task4.V26\Tyuiu.VaganovMA.Sprint3.Task4.V26.csproj", "{4960471F-C6E0-40DD-BF31-A34EC7AFC67A}"
EndProject
Project("{9A19103F-16F7-4668-BE54-9A1E7A4F7556}") = "Tyuiu.VaganovMA.Sprint3.Task4.V26.Test", "Tyuiu.VaganovMA.Sprint3.Task4.V26.Test\Tyuiu.VaganovMA.Sprint3.Task4.V26.Test.csproj", "{10491CAF-B713-4063-88B2-9210E5F48635}"
EndProject
Project("{FAE04EC0-301F-11D3-BF4B-00C04F79EFBC}") = "Tyuiu.VaganovMA.Sprint3.Task4.V26.Lib", "Tyuiu.VaganovMA.Sprint3.Task4.V26.Lib\Tyuiu.VaganovMA.Sprint3.Task4.V26.Lib.csproj", "{167880EC-AC86-42FC-B1B5-F96525898BAF}"
EndProject
Project("{2150E333-8FDC-42A3-9474-1A3956D46DE8}") = "Task5", "Task5", "{B491535A-6995-4FC1-8F91-FE59892A81B6}"
EndProject
Project("{FAE04EC0-301F-11D3-BF4B-00C04F79EFBC}") = "Tyuiu.VaganovMA.Sprint3.Task5.V1", "Tyuiu.VaganovMA.Sprint3.Task5.V1\Tyuiu.VaganovMA.Sprint3.Task5.V1.csproj", "{6574176F-D674-410B-8DBD-2BEC30FDC5CC}"
EndProject
Project("{FAE04EC0-301F-11D3-BF4B-00C04F79EFBC}") = "Tyuiu.VaganovMA.Sprint3.Task5.V1.Lib", "Tyuiu.VaganovMA.Sprint3.Task5.V1.Lib\Tyuiu.VaganovMA.Sprint3.Task5.V1.Lib.csproj", "{A5459ADF-09FE-4888-8274-BFC9A8CFFE6B}"
EndProject
Project("{FAE04EC0-301F-11D3-BF4B-00C04F79EFBC}") = "Tyuiu.VaganovMA.Sprint3.Task5.V1.Test", "Tyuiu.VaganovMA.Sprint3.Task5.V1.Test\Tyuiu.VaganovMA.Sprint3.Task5.V1.Test.csproj", "{7AEB95A5-2D73-409E-8E32-565B58763679}"
EndProject
Project("{2150E333-8FDC-42A3-9474-1A3956D46DE8}") = "Task6", "Task6", "{2F0BD024-9D57-49F9-8810-6521F01B13AD}"
EndProject
Project("{FAE04EC0-301F-11D3-BF4B-00C04F79EFBC}") = "Tyuiu.VaganovMA.Sprint3.Task6.V6", "Tyuiu.VaganovMA.Sprint3.Task6.V6\Tyuiu.VaganovMA.Sprint3.Task6.V6.csproj", "{B6933913-7C50-423C-905E-C11C5230AD2D}"
EndProject
Project("{FAE04EC0-301F-11D3-BF4B-00C04F79EFBC}") = "Tyuiu.VaganovMA.Sprint3.Task6.V6.Lib", "Tyuiu.VaganovMA.Sprint3.Task6.V6.Lib\Tyuiu.VaganovMA.Sprint3.Task6.V6.Lib.csproj", "{AF65AD4D-AE4B-4D3A-BABB-F6C95BD72A90}"
EndProject
Project("{FAE04EC0-301F-11D3-BF4B-00C04F79EFBC}") = "Tyuiu.VaganovMA.Sprint3.Task6.V6.Test", "Tyuiu.VaganovMA.Sprint3.Task6.V6.Test\Tyuiu.VaganovMA.Sprint3.Task6.V6.Test.csproj", "{DEAD5D34-D0FA-4EDB-B117-5D82150239AC}"
EndProject
Global
	GlobalSection(SolutionConfigurationPlatforms) = preSolution
		Debug|Any CPU = Debug|Any CPU
		Release|Any CPU = Release|Any CPU
	EndGlobalSection
	GlobalSection(ProjectConfigurationPlatforms) = postSolution
		{F7E0C9D9-61D7-4096-8FF3-B49314330958}.Debug|Any CPU.ActiveCfg = Debug|Any CPU
		{F7E0C9D9-61D7-4096-8FF3-B49314330958}.Debug|Any CPU.Build.0 = Debug|Any CPU
		{F7E0C9D9-61D7-4096-8FF3-B49314330958}.Release|Any CPU.ActiveCfg = Release|Any CPU
		{F7E0C9D9-61D7-4096-8FF3-B49314330958}.Release|Any CPU.Build.0 = Release|Any CPU
		{57137954-E571-42FC-998B-C26F9FD5C7CD}.Debug|Any CPU.ActiveCfg = Debug|Any CPU
		{57137954-E571-42FC-998B-C26F9FD5C7CD}.Debug|Any CPU.Build.0 = Debug|Any CPU
		{57137954-E571-42FC-998B-C26F9FD5C7CD}.Release|Any CPU.ActiveCfg = Release|Any CPU
		{57137954-E571-42FC-998B-C26F9FD5C7CD}.Release|Any CPU.Build.0 = Release|Any CPU
		{0E694362-593E-42E3-82B0-9D846690B7EA}.Debug|Any CPU.ActiveCfg = Debug|Any CPU
		{0E694362-593E-42E3-82B0-9D846690B7EA}.Debug|Any CPU.Build.0 = Debug|Any CPU
		{0E694362-593E-42E3-82B0-9D846690B7EA}.Release|Any CPU.ActiveCfg = Release|Any CPU
		{0E694362-593E-42E3-82B0-9D846690B7EA}.Release|Any CPU.Build.0 = Release|Any CPU
		{14E55CCB-101D-47BA-983E-A970EBB851EA}.Debug|Any CPU.ActiveCfg = Debug|Any CPU
		{14E55CCB-101D-47BA-983E-A970EBB851EA}.Debug|Any CPU.Build.0 = Debug|Any CPU
		{14E55CCB-101D-47BA-983E-A970EBB851EA}.Release|Any CPU.ActiveCfg = Release|Any CPU
		{14E55CCB-101D-47BA-983E-A970EBB851EA}.Release|Any CPU.Build.0 = Release|Any CPU
		{AD5977A5-B5CC-4FC6-8C29-5C2C119623F8}.Debug|Any CPU.ActiveCfg = Debug|Any CPU
		{AD5977A5-B5CC-4FC6-8C29-5C2C119623F8}.Debug|Any CPU.Build.0 = Debug|Any CPU
		{AD5977A5-B5CC-4FC6-8C29-5C2C119623F8}.Release|Any CPU.ActiveCfg = Release|Any CPU
		{AD5977A5-B5CC-4FC6-8C29-5C2C119623F8}.Release|Any CPU.Build.0 = Release|Any CPU
		{7C9FAA33-61FD-4DA4-B02C-9A0F35339140}.Debug|Any CPU.ActiveCfg = Debug|Any CPU
		{7C9FAA33-61FD-4DA4-B02C-9A0F35339140}.Debug|Any CPU.Build.0 = Debug|Any CPU
		{7C9FAA33-61FD-4DA4-B02C-9A0F35339140}.Release|Any CPU.ActiveCfg = Release|Any CPU
		{7C9FAA33-61FD-4DA4-B02C-9A0F35339140}.Release|Any CPU.Build.0 = Release|Any CPU
		{9CF15EBD-6E9D-4B21-89FD-0FCDC0F8B903}.Debug|Any CPU.ActiveCfg = Debug|Any CPU
		{9CF15EBD-6E9D-4B21-89FD-0FCDC0F8B903}.Debug|Any CPU.Build.0 = Debug|Any CPU
		{9CF15EBD-6E9D-4B21-89FD-0FCDC0F8B903}.Release|Any CPU.ActiveCfg = Release|Any CPU
		{9CF15EBD-6E9D-4B21-89FD-0FCDC0F8B903}.Release|Any CPU.Build.0 = Release|Any CPU
		{9D00B43B-78C3-4A74-823A-BF35D22FCFA0}.Debug|Any CPU.ActiveCfg = Debug|Any CPU
		{9D00B43B-78C3-4A74-823A-BF35D22FCFA0}.Debug|Any CPU.Build.0 = Debug|Any CPU
		{9D00B43B-78C3-4A74-823A-BF35D22FCFA0}.Release|Any CPU.ActiveCfg = Release|Any CPU
		{9D00B43B-78C3-4A74-823A-BF35D22FCFA0}.Release|Any CPU.Build.0 = Release|Any CPU
		{438F1870-FDEF-4A80-A061-4AD5843584B5}.Debug|Any CPU.ActiveCfg = Debug|Any CPU
		{438F1870-FDEF-4A80-A061-4AD5843584B5}.Debug|Any CPU.Build.0 = Debug|Any CPU
		{438F1870-FDEF-4A80-A061-4AD5843584B5}.Release|Any CPU.ActiveCfg = Release|Any CPU
		{438F1870-FDEF-4A80-A061-4AD5843584B5}.Release|Any CPU.Build.0 = Release|Any CPU
		{EDC6A3E3-18F8-4048-86DF-8376AF3A6301}.Debug|Any CPU.ActiveCfg = Debug|Any CPU
		{EDC6A3E3-18F8-4048-86DF-8376AF3A6301}.Debug|Any CPU.Build.0 = Debug|Any CPU
		{EDC6A3E3-18F8-4048-86DF-8376AF3A6301}.Release|Any CPU.ActiveCfg = Release|Any CPU
		{EDC6A3E3-18F8-4048-86DF-8376AF3A6301}.Release|Any CPU.Build.0 = Release|Any CPU
		{88455887-8331-4E37-ACE7-134591EA8E11}.Debug|Any CPU.ActiveCfg = Debug|Any CPU
		{88455887-8331-4E37-ACE7-134591EA8E11}.Debug|Any CPU.Build.0 = Debug|Any CPU
		{88455887-8331-4E37-ACE7-134591EA8E11}.Release|Any CPU.ActiveCfg = Release|Any CPU
		{88455887-8331-4E37-ACE7-134591EA8E11}.Release|Any CPU.Build.0 = Release|Any CPU
		{3EB9C512-11A0-4981-81E1-46E60C155CC1}.Debug|Any CPU.ActiveCfg = Debug|Any CPU
		{3EB9C512-11A0-4981-81E1-46E60C155CC1}.Debug|Any CPU.Build.0 = Debug|Any CPU
		{3EB9C512-11A0-4981-81E1-46E60C155CC1}.Release|Any CPU.ActiveCfg = Release|Any CPU
		{3EB9C512-11A0-4981-81E1-46E60C155CC1}.Release|Any CPU.Build.0 = Release|Any CPU
		{4960471F-C6E0-40DD-BF31-A34EC7AFC67A}.Debug|Any CPU.ActiveCfg = Debug|Any CPU
		{4960471F-C6E0-40DD-BF31-A34EC7AFC67A}.Debug|Any CPU.Build.0 = Debug|Any CPU
		{4960471F-C6E0-40DD-BF31-A34EC7AFC67A}.Release|Any CPU.ActiveCfg = Release|Any CPU
		{4960471F-C6E0-40DD-BF31-A34EC7AFC67A}.Release|Any CPU.Build.0 = Release|Any CPU
		{10491CAF-B713-4063-88B2-9210E5F48635}.Debug|Any CPU.ActiveCfg = Debug|Any CPU
		{10491CAF-B713-4063-88B2-9210E5F48635}.Debug|Any CPU.Build.0 = Debug|Any CPU
		{10491CAF-B713-4063-88B2-9210E5F48635}.Release|Any CPU.ActiveCfg = Release|Any CPU
		{10491CAF-B713-4063-88B2-9210E5F48635}.Release|Any CPU.Build.0 = Release|Any CPU
		{167880EC-AC86-42FC-B1B5-F96525898BAF}.Debug|Any CPU.ActiveCfg = Debug|Any CPU
		{167880EC-AC86-42FC-B1B5-F96525898BAF}.Debug|Any CPU.Build.0 = Debug|Any CPU
		{167880EC-AC86-42FC-B1B5-F96525898BAF}.Release|Any CPU.ActiveCfg = Release|Any CPU
		{167880EC-AC86-42FC-B1B5-F96525898BAF}.Release|Any CPU.Build.0 = Release|Any CPU
		{6574176F-D674-410B-8DBD-2BEC30FDC5CC}.Debug|Any CPU.ActiveCfg = Debug|Any CPU
		{6574176F-D674-410B-8DBD-2BEC30FDC5CC}.Debug|Any CPU.Build.0 = Debug|Any CPU
		{6574176F-D674-410B-8DBD-2BEC30FDC5CC}.Release|Any CPU.ActiveCfg = Release|Any CPU
		{6574176F-D674-410B-8DBD-2BEC30FDC5CC}.Release|Any CPU.Build.0 = Release|Any CPU
		{A5459ADF-09FE-4888-8274-BFC9A8CFFE6B}.Debug|Any CPU.ActiveCfg = Debug|Any CPU
		{A5459ADF-09FE-4888-8274-BFC9A8CFFE6B}.Debug|Any CPU.Build.0 = Debug|Any CPU
		{A5459ADF-09FE-4888-8274-BFC9A8CFFE6B}.Release|Any CPU.ActiveCfg = Release|Any CPU
		{A5459ADF-09FE-4888-8274-BFC9A8CFFE6B}.Release|Any CPU.Build.0 = Release|Any CPU
		{7AEB95A5-2D73-409E-8E32-565B58763679}.Debug|Any CPU.ActiveCfg = Debug|Any CPU
		{7AEB95A5-2D73-409E-8E32-565B58763679}.Debug|Any CPU.Build.0 = Debug|Any CPU
		{7AEB95A5-2D73-409E-8E32-565B58763679}.Release|Any CPU.ActiveCfg = Release|Any CPU
		{7AEB95A5-2D73-409E-8E32-565B58763679}.Release|Any CPU.Build.0 = Release|Any CPU
		{B6933913-7C50-423C-905E-C11C5230AD2D}.Debug|Any CPU.ActiveCfg = Debug|Any CPU
		{B6933913-7C50-423C-905E-C11C5230AD2D}.Debug|Any CPU.Build.0 = Debug|Any CPU
		{B6933913-7C50-423C-905E-C11C5230AD2D}.Release|Any CPU.ActiveCfg = Release|Any CPU
		{B6933913-7C50-423C-905E-C11C5230AD2D}.Release|Any CPU.Build.0 = Release|Any CPU
		{AF65AD4D-AE4B-4D3A-BABB-F6C95BD72A90}.Debug|Any CPU.ActiveCfg = Debug|Any CPU
		{AF65AD4D-AE4B-4D3A-BABB-F6C95BD72A90}.Debug|Any CPU.Build.0 = Debug|Any CPU
		{AF65AD4D-AE4B-4D3A-BABB-F6C95BD72A90}.Release|Any CPU.ActiveCfg = Release|Any CPU
		{AF65AD4D-AE4B-4D3A-BABB-F6C95BD72A90}.Release|Any CPU.Build.0 = Release|Any CPU
		{DEAD5D34-D0FA-4EDB-B117-5D82150239AC}.Debug|Any CPU.ActiveCfg = Debug|Any CPU
		{DEAD5D34-D0FA-4EDB-B117-5D82150239AC}.Debug|Any CPU.Build.0 = Debug|Any CPU
		{DEAD5D34-D0FA-4EDB-B117-5D82150239AC}.Release|Any CPU.ActiveCfg = Release|Any CPU
		{DEAD5D34-D0FA-4EDB-B117-5D82150239AC}.Release|Any CPU.Build.0 = Release|Any CPU
	EndGlobalSection
	GlobalSection(SolutionProperties) = preSolution
		HideSolutionNode = FALSE
	EndGlobalSection
	GlobalSection(NestedProjects) = preSolution
		{F7E0C9D9-61D7-4096-8FF3-B49314330958} = {3FB1131F-2815-4DB7-B3E6-9BB35970CAE0}
		{57137954-E571-42FC-998B-C26F9FD5C7CD} = {3FB1131F-2815-4DB7-B3E6-9BB35970CAE0}
		{0E694362-593E-42E3-82B0-9D846690B7EA} = {3FB1131F-2815-4DB7-B3E6-9BB35970CAE0}
		{14E55CCB-101D-47BA-983E-A970EBB851EA} = {B979A231-99E5-4CDE-91D6-7FF6E31D2031}
		{AD5977A5-B5CC-4FC6-8C29-5C2C119623F8} = {B979A231-99E5-4CDE-91D6-7FF6E31D2031}
		{7C9FAA33-61FD-4DA4-B02C-9A0F35339140} = {B979A231-99E5-4CDE-91D6-7FF6E31D2031}
		{9CF15EBD-6E9D-4B21-89FD-0FCDC0F8B903} = {1BF386AF-1633-47B0-B258-5DBE63FA2064}
		{9D00B43B-78C3-4A74-823A-BF35D22FCFA0} = {1BF386AF-1633-47B0-B258-5DBE63FA2064}
		{438F1870-FDEF-4A80-A061-4AD5843584B5} = {1BF386AF-1633-47B0-B258-5DBE63FA2064}
		{EDC6A3E3-18F8-4048-86DF-8376AF3A6301} = {0F0CBEB9-BDF9-4C16-9586-492E8F919E88}
		{88455887-8331-4E37-ACE7-134591EA8E11} = {0F0CBEB9-BDF9-4C16-9586-492E8F919E88}
		{3EB9C512-11A0-4981-81E1-46E60C155CC1} = {0F0CBEB9-BDF9-4C16-9586-492E8F919E88}
		{4960471F-C6E0-40DD-BF31-A34EC7AFC67A} = {DF021B37-DCA4-462E-8366-E5C0FED26AA4}
		{10491CAF-B713-4063-88B2-9210E5F48635} = {DF021B37-DCA4-462E-8366-E5C0FED26AA4}
		{167880EC-AC86-42FC-B1B5-F96525898BAF} = {DF021B37-DCA4-462E-8366-E5C0FED26AA4}
		{6574176F-D674-410B-8DBD-2BEC30FDC5CC} = {B491535A-6995-4FC1-8F91-FE59892A81B6}
		{A5459ADF-09FE-4888-8274-BFC9A8CFFE6B} = {B491535A-6995-4FC1-8F91-FE59892A81B6}
		{7AEB95A5-2D73-409E-8E32-565B58763679} = {B491535A-6995-4FC1-8F91-FE59892A81B6}
		{B6933913-7C50-423C-905E-C11C5230AD2D} = {2F0BD024-9D57-49F9-8810-6521F01B13AD}
		{AF65AD4D-AE4B-4D3A-BABB-F6C95BD72A90} = {2F0BD024-9D57-49F9-8810-6521F01B13AD}
		{DEAD5D34-D0FA-4EDB-B117-5D82150239AC} = {2F0BD024-9D57-49F9-8810-6521F01B13AD}
	EndGlobalSection
	GlobalSection(ExtensibilityGlobals) = postSolution
		SolutionGuid = {62799805-38E5-4304-A04D-132CCE9C00F9}
	EndGlobalSection
EndGlobal
